
Microsoft Visual Studio Solution File, Format Version 12.00
Project("{2150E333-8FDC-42A3-9474-1A3956D46DE8}") = "src", "src", "{754D64AD-258D-441E-A3EC-FBBF8A65EF8E}"
EndProject
Project("{2150E333-8FDC-42A3-9474-1A3956D46DE8}") = "test", "test", "{244E5428-D112-4903-8170-213A89C351E5}"
EndProject
Project("{FAE04EC0-301F-11D3-BF4B-00C04F79EFBC}") = "Autofac.Extensions.FluentBuilder", "src\Autofac.Extensions.FluentBuilder\Autofac.Extensions.FluentBuilder.csproj", "{7C795165-B678-4CA1-B3F1-1ED531B1E576}"
EndProject
Project("{FAE04EC0-301F-11D3-BF4B-00C04F79EFBC}") = "Autofac.Extensions.FluentBuilder.TestInfrastructure", "test\Autofac.Extensions.FluentBuilder.TestInfrastructure\Autofac.Extensions.FluentBuilder.TestInfrastructure.csproj", "{D140070B-BDC8-4BB9-9A22-AA835992314F}"
EndProject
Project("{2150E333-8FDC-42A3-9474-1A3956D46DE8}") = "misc", "misc", "{37705C94-B17A-4CD7-9FC7-159578831CAF}"
ProjectSection(SolutionItems) = preProject
	licence.md = licence.md
	readme.md = readme.md
	.gitignore = .gitignore
	changelog.md = changelog.md
EndProjectSection
EndProject
Project("{FAE04EC0-301F-11D3-BF4B-00C04F79EFBC}") = "Autofac.Extensions.FluentBuilder.IntegrationTests", "test\Autofac.Extensions.FluentBuilder.IntegrationTests\Autofac.Extensions.FluentBuilder.IntegrationTests.csproj", "{AA6E0E32-E959-4FA0-9D16-5A7B081F9A31}"
EndProject
Project("{2150E333-8FDC-42A3-9474-1A3956D46DE8}") = "samples", "samples", "{5A9D1681-E609-4696-AF56-04330903E13D}"
EndProject
Project("{FAE04EC0-301F-11D3-BF4B-00C04F79EFBC}") = "Autofac.Extensions.FluentBuilder.Samples.Shared", "samples\Autofac.Extensions.FluentBuilder.Samples.Shared\Autofac.Extensions.FluentBuilder.Samples.Shared.csproj", "{570F690F-2451-4E8E-BA09-7C59E319AA47}"
EndProject
Project("{FAE04EC0-301F-11D3-BF4B-00C04F79EFBC}") = "Autofac.Extensions.FluentBuilder.Samples.Console", "samples\Autofac.Extensions.FluentBuilder.Samples.Console\Autofac.Extensions.FluentBuilder.Samples.Console.csproj", "{4D067997-28C4-4021-994E-9AC2CFF0A419}"
EndProject
Project("{FAE04EC0-301F-11D3-BF4B-00C04F79EFBC}") = "Autofac.Extensions.FluentBuilder.Samples.WebApi", "samples\Autofac.Extensions.FluentBuilder.Samples.WebApi\Autofac.Extensions.FluentBuilder.Samples.WebApi.csproj", "{4141E285-5BA1-4590-B1C7-C14E7626F3BF}"
EndProject
Global
	GlobalSection(SolutionConfigurationPlatforms) = preSolution
		Debug|Any CPU = Debug|Any CPU
		Release|Any CPU = Release|Any CPU
	EndGlobalSection
	GlobalSection(NestedProjects) = preSolution
		{7C795165-B678-4CA1-B3F1-1ED531B1E576} = {754D64AD-258D-441E-A3EC-FBBF8A65EF8E}
		{D140070B-BDC8-4BB9-9A22-AA835992314F} = {244E5428-D112-4903-8170-213A89C351E5}
		{AA6E0E32-E959-4FA0-9D16-5A7B081F9A31} = {244E5428-D112-4903-8170-213A89C351E5}
		{570F690F-2451-4E8E-BA09-7C59E319AA47} = {5A9D1681-E609-4696-AF56-04330903E13D}
		{4D067997-28C4-4021-994E-9AC2CFF0A419} = {5A9D1681-E609-4696-AF56-04330903E13D}
		{4141E285-5BA1-4590-B1C7-C14E7626F3BF} = {5A9D1681-E609-4696-AF56-04330903E13D}
	EndGlobalSection
	GlobalSection(ProjectConfigurationPlatforms) = postSolution
		{7C795165-B678-4CA1-B3F1-1ED531B1E576}.Debug|Any CPU.ActiveCfg = Debug|Any CPU
		{7C795165-B678-4CA1-B3F1-1ED531B1E576}.Debug|Any CPU.Build.0 = Debug|Any CPU
		{7C795165-B678-4CA1-B3F1-1ED531B1E576}.Release|Any CPU.ActiveCfg = Release|Any CPU
		{7C795165-B678-4CA1-B3F1-1ED531B1E576}.Release|Any CPU.Build.0 = Release|Any CPU
		{D140070B-BDC8-4BB9-9A22-AA835992314F}.Debug|Any CPU.ActiveCfg = Debug|Any CPU
		{D140070B-BDC8-4BB9-9A22-AA835992314F}.Debug|Any CPU.Build.0 = Debug|Any CPU
		{D140070B-BDC8-4BB9-9A22-AA835992314F}.Release|Any CPU.ActiveCfg = Release|Any CPU
		{D140070B-BDC8-4BB9-9A22-AA835992314F}.Release|Any CPU.Build.0 = Release|Any CPU
		{AA6E0E32-E959-4FA0-9D16-5A7B081F9A31}.Debug|Any CPU.ActiveCfg = Debug|Any CPU
		{AA6E0E32-E959-4FA0-9D16-5A7B081F9A31}.Debug|Any CPU.Build.0 = Debug|Any CPU
		{AA6E0E32-E959-4FA0-9D16-5A7B081F9A31}.Release|Any CPU.ActiveCfg = Release|Any CPU
		{AA6E0E32-E959-4FA0-9D16-5A7B081F9A31}.Release|Any CPU.Build.0 = Release|Any CPU
		{570F690F-2451-4E8E-BA09-7C59E319AA47}.Debug|Any CPU.ActiveCfg = Debug|Any CPU
		{570F690F-2451-4E8E-BA09-7C59E319AA47}.Debug|Any CPU.Build.0 = Debug|Any CPU
		{570F690F-2451-4E8E-BA09-7C59E319AA47}.Release|Any CPU.ActiveCfg = Release|Any CPU
		{570F690F-2451-4E8E-BA09-7C59E319AA47}.Release|Any CPU.Build.0 = Release|Any CPU
		{4D067997-28C4-4021-994E-9AC2CFF0A419}.Debug|Any CPU.ActiveCfg = Debug|Any CPU
		{4D067997-28C4-4021-994E-9AC2CFF0A419}.Debug|Any CPU.Build.0 = Debug|Any CPU
		{4D067997-28C4-4021-994E-9AC2CFF0A419}.Release|Any CPU.ActiveCfg = Release|Any CPU
		{4D067997-28C4-4021-994E-9AC2CFF0A419}.Release|Any CPU.Build.0 = Release|Any CPU
		{4141E285-5BA1-4590-B1C7-C14E7626F3BF}.Debug|Any CPU.ActiveCfg = Debug|Any CPU
		{4141E285-5BA1-4590-B1C7-C14E7626F3BF}.Debug|Any CPU.Build.0 = Debug|Any CPU
		{4141E285-5BA1-4590-B1C7-C14E7626F3BF}.Release|Any CPU.ActiveCfg = Release|Any CPU
		{4141E285-5BA1-4590-B1C7-C14E7626F3BF}.Release|Any CPU.Build.0 = Release|Any CPU
	EndGlobalSection
EndGlobal
